
Microsoft Visual Studio Solution File, Format Version 12.00
# Visual Studio 14
VisualStudioVersion = 14.0.23107.0
MinimumVisualStudioVersion = 10.0.40219.1
Project("{FAE04EC0-301F-11D3-BF4B-00C04F79EFBC}") = "openTSDB.net.Tests", "openTSDB.net.Tests\openTSDB.net.Tests.csproj", "{9CA8BCB7-E9F7-44B9-9A82-F660EE80CA1B}"
EndProject
Project("{2150E333-8FDC-42A3-9474-1A3956D46DE8}") = "Misc", "Misc", "{79642708-3CB5-4434-9363-DCDB412C9111}"
	ProjectSection(SolutionItems) = preProject
		.gitignore = .gitignore
		appveyor.yml = appveyor.yml
		LICENSE = LICENSE
		README.md = README.md
	EndProjectSection
EndProject
Project("{FAE04EC0-301F-11D3-BF4B-00C04F79EFBC}") = "openTSDB.net", "openTSDB.net\openTSDB.net.csproj", "{782DE99B-3C67-4198-B426-34754C53FB6D}"
EndProject
Global
	GlobalSection(SolutionConfigurationPlatforms) = preSolution
		Debug|Any CPU = Debug|Any CPU
		Release|Any CPU = Release|Any CPU
	EndGlobalSection
	GlobalSection(ProjectConfigurationPlatforms) = postSolution
		{9CA8BCB7-E9F7-44B9-9A82-F660EE80CA1B}.Debug|Any CPU.ActiveCfg = Debug|Any CPU
		{9CA8BCB7-E9F7-44B9-9A82-F660EE80CA1B}.Debug|Any CPU.Build.0 = Debug|Any CPU
		{9CA8BCB7-E9F7-44B9-9A82-F660EE80CA1B}.Release|Any CPU.ActiveCfg = Release|Any CPU
		{9CA8BCB7-E9F7-44B9-9A82-F660EE80CA1B}.Release|Any CPU.Build.0 = Release|Any CPU
		{782DE99B-3C67-4198-B426-34754C53FB6D}.Debug|Any CPU.ActiveCfg = Debug|Any CPU
		{782DE99B-3C67-4198-B426-34754C53FB6D}.Debug|Any CPU.Build.0 = Debug|Any CPU
		{782DE99B-3C67-4198-B426-34754C53FB6D}.Release|Any CPU.ActiveCfg = Release|Any CPU
		{782DE99B-3C67-4198-B426-34754C53FB6D}.Release|Any CPU.Build.0 = Release|Any CPU
	EndGlobalSection
	GlobalSection(SolutionProperties) = preSolution
		HideSolutionNode = FALSE
	EndGlobalSection
EndGlobal
